// !$*UTF8*$!
{
	archiveVersion = 1;
	classes = {
	};
	objectVersion = 50;
	objects = {

/* Begin PBXBuildFile section */
		88B39ACB25441A0200AB5095 /* AppDelegate.swift in Sources */ = {isa = PBXBuildFile; fileRef = 88B39ACA25441A0200AB5095 /* AppDelegate.swift */; };
		88B39ACD25441A0200AB5095 /* SceneDelegate.swift in Sources */ = {isa = PBXBuildFile; fileRef = 88B39ACC25441A0200AB5095 /* SceneDelegate.swift */; };
		88B39ACF25441A0200AB5095 /* ViewController.swift in Sources */ = {isa = PBXBuildFile; fileRef = 88B39ACE25441A0200AB5095 /* ViewController.swift */; };
		88B39AD225441A0200AB5095 /* Main.storyboard in Resources */ = {isa = PBXBuildFile; fileRef = 88B39AD025441A0200AB5095 /* Main.storyboard */; };
		88B39AD425441A0400AB5095 /* Assets.xcassets in Resources */ = {isa = PBXBuildFile; fileRef = 88B39AD325441A0400AB5095 /* Assets.xcassets */; };
		88B39AD725441A0400AB5095 /* LaunchScreen.storyboard in Resources */ = {isa = PBXBuildFile; fileRef = 88B39AD525441A0400AB5095 /* LaunchScreen.storyboard */; };
		88B39AE225441A0500AB5095 /* swift_custom_cell_with_xib_sampleTests.swift in Sources */ = {isa = PBXBuildFile; fileRef = 88B39AE125441A0500AB5095 /* swift_custom_cell_with_xib_sampleTests.swift */; };
		88B39AED25441A0500AB5095 /* swift_custom_cell_with_xib_sampleUITests.swift in Sources */ = {isa = PBXBuildFile; fileRef = 88B39AEC25441A0500AB5095 /* swift_custom_cell_with_xib_sampleUITests.swift */; };
		88B39AFF25441A5100AB5095 /* SampleCollectionViewCell.swift in Sources */ = {isa = PBXBuildFile; fileRef = 88B39AFD25441A5100AB5095 /* SampleCollectionViewCell.swift */; };
		88B39B0025441A5100AB5095 /* SampleCollectionViewCell.xib in Resources */ = {isa = PBXBuildFile; fileRef = 88B39AFE25441A5100AB5095 /* SampleCollectionViewCell.xib */; };
		88B39B0525441A8400AB5095 /* CollectionViewProvider.swift in Sources */ = {isa = PBXBuildFile; fileRef = 88B39B0425441A8400AB5095 /* CollectionViewProvider.swift */; };
/* End PBXBuildFile section */

/* Begin PBXContainerItemProxy section */
		88B39ADE25441A0500AB5095 /* PBXContainerItemProxy */ = {
			isa = PBXContainerItemProxy;
			containerPortal = 88B39ABF25441A0200AB5095 /* Project object */;
			proxyType = 1;
			remoteGlobalIDString = 88B39AC625441A0200AB5095;
			remoteInfo = "swift-custom-cell-with-xib-sample";
		};
		88B39AE925441A0500AB5095 /* PBXContainerItemProxy */ = {
			isa = PBXContainerItemProxy;
			containerPortal = 88B39ABF25441A0200AB5095 /* Project object */;
			proxyType = 1;
			remoteGlobalIDString = 88B39AC625441A0200AB5095;
			remoteInfo = "swift-custom-cell-with-xib-sample";
		};
/* End PBXContainerItemProxy section */

/* Begin PBXFileReference section */
		88B39AC725441A0200AB5095 /* swift-custom-cell-with-xib-sample.app */ = {isa = PBXFileReference; explicitFileType = wrapper.application; includeInIndex = 0; path = "swift-custom-cell-with-xib-sample.app"; sourceTree = BUILT_PRODUCTS_DIR; };
		88B39ACA25441A0200AB5095 /* AppDelegate.swift */ = {isa = PBXFileReference; lastKnownFileType = sourcecode.swift; path = AppDelegate.swift; sourceTree = "<group>"; };
		88B39ACC25441A0200AB5095 /* SceneDelegate.swift */ = {isa = PBXFileReference; lastKnownFileType = sourcecode.swift; path = SceneDelegate.swift; sourceTree = "<group>"; };
		88B39ACE25441A0200AB5095 /* ViewController.swift */ = {isa = PBXFileReference; lastKnownFileType = sourcecode.swift; path = ViewController.swift; sourceTree = "<group>"; };
		88B39AD125441A0200AB5095 /* Base */ = {isa = PBXFileReference; lastKnownFileType = file.storyboard; name = Base; path = Base.lproj/Main.storyboard; sourceTree = "<group>"; };
		88B39AD325441A0400AB5095 /* Assets.xcassets */ = {isa = PBXFileReference; lastKnownFileType = folder.assetcatalog; path = Assets.xcassets; sourceTree = "<group>"; };
		88B39AD625441A0400AB5095 /* Base */ = {isa = PBXFileReference; lastKnownFileType = file.storyboard; name = Base; path = Base.lproj/LaunchScreen.storyboard; sourceTree = "<group>"; };
		88B39AD825441A0400AB5095 /* Info.plist */ = {isa = PBXFileReference; lastKnownFileType = text.plist.xml; path = Info.plist; sourceTree = "<group>"; };
		88B39ADD25441A0500AB5095 /* swift-custom-cell-with-xib-sampleTests.xctest */ = {isa = PBXFileReference; explicitFileType = wrapper.cfbundle; includeInIndex = 0; path = "swift-custom-cell-with-xib-sampleTests.xctest"; sourceTree = BUILT_PRODUCTS_DIR; };
		88B39AE125441A0500AB5095 /* swift_custom_cell_with_xib_sampleTests.swift */ = {isa = PBXFileReference; lastKnownFileType = sourcecode.swift; path = swift_custom_cell_with_xib_sampleTests.swift; sourceTree = "<group>"; };
		88B39AE325441A0500AB5095 /* Info.plist */ = {isa = PBXFileReference; lastKnownFileType = text.plist.xml; path = Info.plist; sourceTree = "<group>"; };
		88B39AE825441A0500AB5095 /* swift-custom-cell-with-xib-sampleUITests.xctest */ = {isa = PBXFileReference; explicitFileType = wrapper.cfbundle; includeInIndex = 0; path = "swift-custom-cell-with-xib-sampleUITests.xctest"; sourceTree = BUILT_PRODUCTS_DIR; };
		88B39AEC25441A0500AB5095 /* swift_custom_cell_with_xib_sampleUITests.swift */ = {isa = PBXFileReference; lastKnownFileType = sourcecode.swift; path = swift_custom_cell_with_xib_sampleUITests.swift; sourceTree = "<group>"; };
		88B39AEE25441A0500AB5095 /* Info.plist */ = {isa = PBXFileReference; lastKnownFileType = text.plist.xml; path = Info.plist; sourceTree = "<group>"; };
		88B39AFD25441A5100AB5095 /* SampleCollectionViewCell.swift */ = {isa = PBXFileReference; lastKnownFileType = sourcecode.swift; path = SampleCollectionViewCell.swift; sourceTree = "<group>"; };
		88B39AFE25441A5100AB5095 /* SampleCollectionViewCell.xib */ = {isa = PBXFileReference; lastKnownFileType = file.xib; path = SampleCollectionViewCell.xib; sourceTree = "<group>"; };
		88B39B0425441A8400AB5095 /* CollectionViewProvider.swift */ = {isa = PBXFileReference; lastKnownFileType = sourcecode.swift; path = CollectionViewProvider.swift; sourceTree = "<group>"; };
/* End PBXFileReference section */

/* Begin PBXFrameworksBuildPhase section */
		88B39AC425441A0200AB5095 /* Frameworks */ = {
			isa = PBXFrameworksBuildPhase;
			buildActionMask = 2147483647;
			files = (
			);
			runOnlyForDeploymentPostprocessing = 0;
		};
		88B39ADA25441A0500AB5095 /* Frameworks */ = {
			isa = PBXFrameworksBuildPhase;
			buildActionMask = 2147483647;
			files = (
			);
			runOnlyForDeploymentPostprocessing = 0;
		};
		88B39AE525441A0500AB5095 /* Frameworks */ = {
			isa = PBXFrameworksBuildPhase;
			buildActionMask = 2147483647;
			files = (
			);
			runOnlyForDeploymentPostprocessing = 0;
		};
/* End PBXFrameworksBuildPhase section */

/* Begin PBXGroup section */
		88B39ABE25441A0200AB5095 = {
			isa = PBXGroup;
			children = (
				88B39AC925441A0200AB5095 /* swift-custom-cell-with-xib-sample */,
				88B39AE025441A0500AB5095 /* swift-custom-cell-with-xib-sampleTests */,
				88B39AEB25441A0500AB5095 /* swift-custom-cell-with-xib-sampleUITests */,
				88B39AC825441A0200AB5095 /* Products */,
			);
			sourceTree = "<group>";
		};
		88B39AC825441A0200AB5095 /* Products */ = {
			isa = PBXGroup;
			children = (
				88B39AC725441A0200AB5095 /* swift-custom-cell-with-xib-sample.app */,
				88B39ADD25441A0500AB5095 /* swift-custom-cell-with-xib-sampleTests.xctest */,
				88B39AE825441A0500AB5095 /* swift-custom-cell-with-xib-sampleUITests.xctest */,
			);
			name = Products;
			sourceTree = "<group>";
		};
		88B39AC925441A0200AB5095 /* swift-custom-cell-with-xib-sample */ = {
			isa = PBXGroup;
			children = (
				88B39B0B25441AFB00AB5095 /* AppDelegate */,
				88B39B0A25441AEB00AB5095 /* VC */,
				88B39B0925441ADD00AB5095 /* View */,
				88B39AD325441A0400AB5095 /* Assets.xcassets */,
				88B39AD525441A0400AB5095 /* LaunchScreen.storyboard */,
				88B39AD825441A0400AB5095 /* Info.plist */,
			);
			path = "swift-custom-cell-with-xib-sample";
			sourceTree = "<group>";
		};
		88B39AE025441A0500AB5095 /* swift-custom-cell-with-xib-sampleTests */ = {
			isa = PBXGroup;
			children = (
				88B39AE125441A0500AB5095 /* swift_custom_cell_with_xib_sampleTests.swift */,
				88B39AE325441A0500AB5095 /* Info.plist */,
			);
			path = "swift-custom-cell-with-xib-sampleTests";
			sourceTree = "<group>";
		};
		88B39AEB25441A0500AB5095 /* swift-custom-cell-with-xib-sampleUITests */ = {
			isa = PBXGroup;
			children = (
				88B39AEC25441A0500AB5095 /* swift_custom_cell_with_xib_sampleUITests.swift */,
				88B39AEE25441A0500AB5095 /* Info.plist */,
			);
			path = "swift-custom-cell-with-xib-sampleUITests";
			sourceTree = "<group>";
		};
		88B39B0925441ADD00AB5095 /* View */ = {
			isa = PBXGroup;
			children = (
				88B39AD025441A0200AB5095 /* Main.storyboard */,
				88B39B0425441A8400AB5095 /* CollectionViewProvider.swift */,
				88B39AFD25441A5100AB5095 /* SampleCollectionViewCell.swift */,
				88B39AFE25441A5100AB5095 /* SampleCollectionViewCell.xib */,
			);
			path = View;
			sourceTree = "<group>";
		};
		88B39B0A25441AEB00AB5095 /* VC */ = {
			isa = PBXGroup;
			children = (
				88B39ACE25441A0200AB5095 /* ViewController.swift */,
			);
			path = VC;
			sourceTree = "<group>";
		};
		88B39B0B25441AFB00AB5095 /* AppDelegate */ = {
			isa = PBXGroup;
			children = (
				88B39ACA25441A0200AB5095 /* AppDelegate.swift */,
				88B39ACC25441A0200AB5095 /* SceneDelegate.swift */,
			);
			path = AppDelegate;
			sourceTree = "<group>";
		};
/* End PBXGroup section */

/* Begin PBXNativeTarget section */
		88B39AC625441A0200AB5095 /* swift-custom-cell-with-xib-sample */ = {
			isa = PBXNativeTarget;
			buildConfigurationList = 88B39AF125441A0500AB5095 /* Build configuration list for PBXNativeTarget "swift-custom-cell-with-xib-sample" */;
			buildPhases = (
				88B39AC325441A0200AB5095 /* Sources */,
				88B39AC425441A0200AB5095 /* Frameworks */,
				88B39AC525441A0200AB5095 /* Resources */,
			);
			buildRules = (
			);
			dependencies = (
			);
			name = "swift-custom-cell-with-xib-sample";
			productName = "swift-custom-cell-with-xib-sample";
			productReference = 88B39AC725441A0200AB5095 /* swift-custom-cell-with-xib-sample.app */;
			productType = "com.apple.product-type.application";
		};
		88B39ADC25441A0500AB5095 /* swift-custom-cell-with-xib-sampleTests */ = {
			isa = PBXNativeTarget;
			buildConfigurationList = 88B39AF425441A0500AB5095 /* Build configuration list for PBXNativeTarget "swift-custom-cell-with-xib-sampleTests" */;
			buildPhases = (
				88B39AD925441A0500AB5095 /* Sources */,
				88B39ADA25441A0500AB5095 /* Frameworks */,
				88B39ADB25441A0500AB5095 /* Resources */,
			);
			buildRules = (
			);
			dependencies = (
				88B39ADF25441A0500AB5095 /* PBXTargetDependency */,
			);
			name = "swift-custom-cell-with-xib-sampleTests";
			productName = "swift-custom-cell-with-xib-sampleTests";
			productReference = 88B39ADD25441A0500AB5095 /* swift-custom-cell-with-xib-sampleTests.xctest */;
			productType = "com.apple.product-type.bundle.unit-test";
		};
		88B39AE725441A0500AB5095 /* swift-custom-cell-with-xib-sampleUITests */ = {
			isa = PBXNativeTarget;
			buildConfigurationList = 88B39AF725441A0500AB5095 /* Build configuration list for PBXNativeTarget "swift-custom-cell-with-xib-sampleUITests" */;
			buildPhases = (
				88B39AE425441A0500AB5095 /* Sources */,
				88B39AE525441A0500AB5095 /* Frameworks */,
				88B39AE625441A0500AB5095 /* Resources */,
			);
			buildRules = (
			);
			dependencies = (
				88B39AEA25441A0500AB5095 /* PBXTargetDependency */,
			);
			name = "swift-custom-cell-with-xib-sampleUITests";
			productName = "swift-custom-cell-with-xib-sampleUITests";
			productReference = 88B39AE825441A0500AB5095 /* swift-custom-cell-with-xib-sampleUITests.xctest */;
			productType = "com.apple.product-type.bundle.ui-testing";
		};
/* End PBXNativeTarget section */

/* Begin PBXProject section */
		88B39ABF25441A0200AB5095 /* Project object */ = {
			isa = PBXProject;
			attributes = {
				LastSwiftUpdateCheck = 1200;
				LastUpgradeCheck = 1200;
				TargetAttributes = {
					88B39AC625441A0200AB5095 = {
						CreatedOnToolsVersion = 12.0.1;
					};
					88B39ADC25441A0500AB5095 = {
						CreatedOnToolsVersion = 12.0.1;
						TestTargetID = 88B39AC625441A0200AB5095;
					};
					88B39AE725441A0500AB5095 = {
						CreatedOnToolsVersion = 12.0.1;
						TestTargetID = 88B39AC625441A0200AB5095;
					};
				};
			};
			buildConfigurationList = 88B39AC225441A0200AB5095 /* Build configuration list for PBXProject "swift-custom-cell-with-xib-sample" */;
			compatibilityVersion = "Xcode 9.3";
			developmentRegion = en;
			hasScannedForEncodings = 0;
			knownRegions = (
				en,
				Base,
			);
			mainGroup = 88B39ABE25441A0200AB5095;
			productRefGroup = 88B39AC825441A0200AB5095 /* Products */;
			projectDirPath = "";
			projectRoot = "";
			targets = (
				88B39AC625441A0200AB5095 /* swift-custom-cell-with-xib-sample */,
				88B39ADC25441A0500AB5095 /* swift-custom-cell-with-xib-sampleTests */,
				88B39AE725441A0500AB5095 /* swift-custom-cell-with-xib-sampleUITests */,
			);
		};
/* End PBXProject section */

/* Begin PBXResourcesBuildPhase section */
		88B39AC525441A0200AB5095 /* Resources */ = {
			isa = PBXResourcesBuildPhase;
			buildActionMask = 2147483647;
			files = (
				88B39AD725441A0400AB5095 /* LaunchScreen.storyboard in Resources */,
				88B39AD425441A0400AB5095 /* Assets.xcassets in Resources */,
				88B39B0025441A5100AB5095 /* SampleCollectionViewCell.xib in Resources */,
				88B39AD225441A0200AB5095 /* Main.storyboard in Resources */,
			);
			runOnlyForDeploymentPostprocessing = 0;
		};
		88B39ADB25441A0500AB5095 /* Resources */ = {
			isa = PBXResourcesBuildPhase;
			buildActionMask = 2147483647;
			files = (
			);
			runOnlyForDeploymentPostprocessing = 0;
		};
		88B39AE625441A0500AB5095 /* Resources */ = {
			isa = PBXResourcesBuildPhase;
			buildActionMask = 2147483647;
			files = (
			);
			runOnlyForDeploymentPostprocessing = 0;
		};
/* End PBXResourcesBuildPhase section */

/* Begin PBXSourcesBuildPhase section */
		88B39AC325441A0200AB5095 /* Sources */ = {
			isa = PBXSourcesBuildPhase;
			buildActionMask = 2147483647;
			files = (
				88B39ACF25441A0200AB5095 /* ViewController.swift in Sources */,
				88B39ACB25441A0200AB5095 /* AppDelegate.swift in Sources */,
				88B39B0525441A8400AB5095 /* CollectionViewProvider.swift in Sources */,
				88B39AFF25441A5100AB5095 /* SampleCollectionViewCell.swift in Sources */,
				88B39ACD25441A0200AB5095 /* SceneDelegate.swift in Sources */,
			);
			runOnlyForDeploymentPostprocessing = 0;
		};
		88B39AD925441A0500AB5095 /* Sources */ = {
			isa = PBXSourcesBuildPhase;
			buildActionMask = 2147483647;
			files = (
				88B39AE225441A0500AB5095 /* swift_custom_cell_with_xib_sampleTests.swift in Sources */,
			);
			runOnlyForDeploymentPostprocessing = 0;
		};
		88B39AE425441A0500AB5095 /* Sources */ = {
			isa = PBXSourcesBuildPhase;
			buildActionMask = 2147483647;
			files = (
				88B39AED25441A0500AB5095 /* swift_custom_cell_with_xib_sampleUITests.swift in Sources */,
			);
			runOnlyForDeploymentPostprocessing = 0;
		};
/* End PBXSourcesBuildPhase section */

/* Begin PBXTargetDependency section */
		88B39ADF25441A0500AB5095 /* PBXTargetDependency */ = {
			isa = PBXTargetDependency;
			target = 88B39AC625441A0200AB5095 /* swift-custom-cell-with-xib-sample */;
			targetProxy = 88B39ADE25441A0500AB5095 /* PBXContainerItemProxy */;
		};
		88B39AEA25441A0500AB5095 /* PBXTargetDependency */ = {
			isa = PBXTargetDependency;
			target = 88B39AC625441A0200AB5095 /* swift-custom-cell-with-xib-sample */;
			targetProxy = 88B39AE925441A0500AB5095 /* PBXContainerItemProxy */;
		};
/* End PBXTargetDependency section */

/* Begin PBXVariantGroup section */
		88B39AD025441A0200AB5095 /* Main.storyboard */ = {
			isa = PBXVariantGroup;
			children = (
				88B39AD125441A0200AB5095 /* Base */,
			);
			name = Main.storyboard;
			sourceTree = "<group>";
		};
		88B39AD525441A0400AB5095 /* LaunchScreen.storyboard */ = {
			isa = PBXVariantGroup;
			children = (
				88B39AD625441A0400AB5095 /* Base */,
			);
			name = LaunchScreen.storyboard;
			sourceTree = "<group>";
		};
/* End PBXVariantGroup section */

/* Begin XCBuildConfiguration section */
		88B39AEF25441A0500AB5095 /* Debug */ = {
			isa = XCBuildConfiguration;
			buildSettings = {
				ALWAYS_SEARCH_USER_PATHS = NO;
				CLANG_ANALYZER_NONNULL = YES;
				CLANG_ANALYZER_NUMBER_OBJECT_CONVERSION = YES_AGGRESSIVE;
				CLANG_CXX_LANGUAGE_STANDARD = "gnu++14";
				CLANG_CXX_LIBRARY = "libc++";
				CLANG_ENABLE_MODULES = YES;
				CLANG_ENABLE_OBJC_ARC = YES;
				CLANG_ENABLE_OBJC_WEAK = YES;
				CLANG_WARN_BLOCK_CAPTURE_AUTORELEASING = YES;
				CLANG_WARN_BOOL_CONVERSION = YES;
				CLANG_WARN_COMMA = YES;
				CLANG_WARN_CONSTANT_CONVERSION = YES;
				CLANG_WARN_DEPRECATED_OBJC_IMPLEMENTATIONS = YES;
				CLANG_WARN_DIRECT_OBJC_ISA_USAGE = YES_ERROR;
				CLANG_WARN_DOCUMENTATION_COMMENTS = YES;
				CLANG_WARN_EMPTY_BODY = YES;
				CLANG_WARN_ENUM_CONVERSION = YES;
				CLANG_WARN_INFINITE_RECURSION = YES;
				CLANG_WARN_INT_CONVERSION = YES;
				CLANG_WARN_NON_LITERAL_NULL_CONVERSION = YES;
				CLANG_WARN_OBJC_IMPLICIT_RETAIN_SELF = YES;
				CLANG_WARN_OBJC_LITERAL_CONVERSION = YES;
				CLANG_WARN_OBJC_ROOT_CLASS = YES_ERROR;
				CLANG_WARN_QUOTED_INCLUDE_IN_FRAMEWORK_HEADER = YES;
				CLANG_WARN_RANGE_LOOP_ANALYSIS = YES;
				CLANG_WARN_STRICT_PROTOTYPES = YES;
				CLANG_WARN_SUSPICIOUS_MOVE = YES;
				CLANG_WARN_UNGUARDED_AVAILABILITY = YES_AGGRESSIVE;
				CLANG_WARN_UNREACHABLE_CODE = YES;
				CLANG_WARN__DUPLICATE_METHOD_MATCH = YES;
				COPY_PHASE_STRIP = NO;
				DEBUG_INFORMATION_FORMAT = dwarf;
				ENABLE_STRICT_OBJC_MSGSEND = YES;
				ENABLE_TESTABILITY = YES;
				GCC_C_LANGUAGE_STANDARD = gnu11;
				GCC_DYNAMIC_NO_PIC = NO;
				GCC_NO_COMMON_BLOCKS = YES;
				GCC_OPTIMIZATION_LEVEL = 0;
				GCC_PREPROCESSOR_DEFINITIONS = (
					"DEBUG=1",
					"$(inherited)",
				);
				GCC_WARN_64_TO_32_BIT_CONVERSION = YES;
				GCC_WARN_ABOUT_RETURN_TYPE = YES_ERROR;
				GCC_WARN_UNDECLARED_SELECTOR = YES;
				GCC_WARN_UNINITIALIZED_AUTOS = YES_AGGRESSIVE;
				GCC_WARN_UNUSED_FUNCTION = YES;
				GCC_WARN_UNUSED_VARIABLE = YES;
				IPHONEOS_DEPLOYMENT_TARGET = 14.0;
				MTL_ENABLE_DEBUG_INFO = INCLUDE_SOURCE;
				MTL_FAST_MATH = YES;
				ONLY_ACTIVE_ARCH = YES;
				SDKROOT = iphoneos;
				SWIFT_ACTIVE_COMPILATION_CONDITIONS = DEBUG;
				SWIFT_OPTIMIZATION_LEVEL = "-Onone";
			};
			name = Debug;
		};
		88B39AF025441A0500AB5095 /* Release */ = {
			isa = XCBuildConfiguration;
			buildSettings = {
				ALWAYS_SEARCH_USER_PATHS = NO;
				CLANG_ANALYZER_NONNULL = YES;
				CLANG_ANALYZER_NUMBER_OBJECT_CONVERSION = YES_AGGRESSIVE;
				CLANG_CXX_LANGUAGE_STANDARD = "gnu++14";
				CLANG_CXX_LIBRARY = "libc++";
				CLANG_ENABLE_MODULES = YES;
				CLANG_ENABLE_OBJC_ARC = YES;
				CLANG_ENABLE_OBJC_WEAK = YES;
				CLANG_WARN_BLOCK_CAPTURE_AUTORELEASING = YES;
				CLANG_WARN_BOOL_CONVERSION = YES;
				CLANG_WARN_COMMA = YES;
				CLANG_WARN_CONSTANT_CONVERSION = YES;
				CLANG_WARN_DEPRECATED_OBJC_IMPLEMENTATIONS = YES;
				CLANG_WARN_DIRECT_OBJC_ISA_USAGE = YES_ERROR;
				CLANG_WARN_DOCUMENTATION_COMMENTS = YES;
				CLANG_WARN_EMPTY_BODY = YES;
				CLANG_WARN_ENUM_CONVERSION = YES;
				CLANG_WARN_INFINITE_RECURSION = YES;
				CLANG_WARN_INT_CONVERSION = YES;
				CLANG_WARN_NON_LITERAL_NULL_CONVERSION = YES;
				CLANG_WARN_OBJC_IMPLICIT_RETAIN_SELF = YES;
				CLANG_WARN_OBJC_LITERAL_CONVERSION = YES;
				CLANG_WARN_OBJC_ROOT_CLASS = YES_ERROR;
				CLANG_WARN_QUOTED_INCLUDE_IN_FRAMEWORK_HEADER = YES;
				CLANG_WARN_RANGE_LOOP_ANALYSIS = YES;
				CLANG_WARN_STRICT_PROTOTYPES = YES;
				CLANG_WARN_SUSPICIOUS_MOVE = YES;
				CLANG_WARN_UNGUARDED_AVAILABILITY = YES_AGGRESSIVE;
				CLANG_WARN_UNREACHABLE_CODE = YES;
				CLANG_WARN__DUPLICATE_METHOD_MATCH = YES;
				COPY_PHASE_STRIP = NO;
				DEBUG_INFORMATION_FORMAT = "dwarf-with-dsym";
				ENABLE_NS_ASSERTIONS = NO;
				ENABLE_STRICT_OBJC_MSGSEND = YES;
				GCC_C_LANGUAGE_STANDARD = gnu11;
				GCC_NO_COMMON_BLOCKS = YES;
				GCC_WARN_64_TO_32_BIT_CONVERSION = YES;
				GCC_WARN_ABOUT_RETURN_TYPE = YES_ERROR;
				GCC_WARN_UNDECLARED_SELECTOR = YES;
				GCC_WARN_UNINITIALIZED_AUTOS = YES_AGGRESSIVE;
				GCC_WARN_UNUSED_FUNCTION = YES;
				GCC_WARN_UNUSED_VARIABLE = YES;
				IPHONEOS_DEPLOYMENT_TARGET = 14.0;
				MTL_ENABLE_DEBUG_INFO = NO;
				MTL_FAST_MATH = YES;
				SDKROOT = iphoneos;
				SWIFT_COMPILATION_MODE = wholemodule;
				SWIFT_OPTIMIZATION_LEVEL = "-O";
				VALIDATE_PRODUCT = YES;
			};
			name = Release;
		};
		88B39AF225441A0500AB5095 /* Debug */ = {
			isa = XCBuildConfiguration;
			buildSettings = {
				ASSETCATALOG_COMPILER_APPICON_NAME = AppIcon;
				ASSETCATALOG_COMPILER_GLOBAL_ACCENT_COLOR_NAME = AccentColor;
				CODE_SIGN_STYLE = Automatic;
				INFOPLIST_FILE = "swift-custom-cell-with-xib-sample/Info.plist";
				LD_RUNPATH_SEARCH_PATHS = (
					"$(inherited)",
					"@executable_path/Frameworks",
				);
				PRODUCT_BUNDLE_IDENTIFIER = "com.abc.swift-custom-cell-with-xib-sample";
				PRODUCT_NAME = "$(TARGET_NAME)";
				SWIFT_VERSION = 5.0;
				TARGETED_DEVICE_FAMILY = "1,2";
			};
			name = Debug;
		};
		88B39AF325441A0500AB5095 /* Release */ = {
			isa = XCBuildConfiguration;
			buildSettings = {
				ASSETCATALOG_COMPILER_APPICON_NAME = AppIcon;
				ASSETCATALOG_COMPILER_GLOBAL_ACCENT_COLOR_NAME = AccentColor;
				CODE_SIGN_STYLE = Automatic;
				INFOPLIST_FILE = "swift-custom-cell-with-xib-sample/Info.plist";
				LD_RUNPATH_SEARCH_PATHS = (
					"$(inherited)",
					"@executable_path/Frameworks",
				);
				PRODUCT_BUNDLE_IDENTIFIER = "com.abc.swift-custom-cell-with-xib-sample";
				PRODUCT_NAME = "$(TARGET_NAME)";
				SWIFT_VERSION = 5.0;
				TARGETED_DEVICE_FAMILY = "1,2";
			};
			name = Release;
		};
		88B39AF525441A0500AB5095 /* Debug */ = {
			isa = XCBuildConfiguration;
			buildSettings = {
				ALWAYS_EMBED_SWIFT_STANDARD_LIBRARIES = YES;
				BUNDLE_LOADER = "$(TEST_HOST)";
				CODE_SIGN_STYLE = Automatic;
				INFOPLIST_FILE = "swift-custom-cell-with-xib-sampleTests/Info.plist";
				IPHONEOS_DEPLOYMENT_TARGET = 14.0;
				LD_RUNPATH_SEARCH_PATHS = (
					"$(inherited)",
					"@executable_path/Frameworks",
					"@loader_path/Frameworks",
				);
				PRODUCT_BUNDLE_IDENTIFIER = "com.abc.swift-custom-cell-with-xib-sampleTests";
				PRODUCT_NAME = "$(TARGET_NAME)";
				SWIFT_VERSION = 5.0;
				TARGETED_DEVICE_FAMILY = "1,2";
				TEST_HOST = "$(BUILT_PRODUCTS_DIR)/swift-custom-cell-with-xib-sample.app/swift-custom-cell-with-xib-sample";
			};
			name = Debug;
		};
		88B39AF625441A0500AB5095 /* Release */ = {
			isa = XCBuildConfiguration;
			buildSettings = {
				ALWAYS_EMBED_SWIFT_STANDARD_LIBRARIES = YES;
				BUNDLE_LOADER = "$(TEST_HOST)";
				CODE_SIGN_STYLE = Automatic;
				INFOPLIST_FILE = "swift-custom-cell-with-xib-sampleTests/Info.plist";
				IPHONEOS_DEPLOYMENT_TARGET = 14.0;
				LD_RUNPATH_SEARCH_PATHS = (
					"$(inherited)",
					"@executable_path/Frameworks",
					"@loader_path/Frameworks",
				);
				PRODUCT_BUNDLE_IDENTIFIER = "com.abc.swift-custom-cell-with-xib-sampleTests";
				PRODUCT_NAME = "$(TARGET_NAME)";
				SWIFT_VERSION = 5.0;
				TARGETED_DEVICE_FAMILY = "1,2";
				TEST_HOST = "$(BUILT_PRODUCTS_DIR)/swift-custom-cell-with-xib-sample.app/swift-custom-cell-with-xib-sample";
			};
			name = Release;
		};
		88B39AF825441A0500AB5095 /* Debug */ = {
			isa = XCBuildConfiguration;
			buildSettings = {
				ALWAYS_EMBED_SWIFT_STANDARD_LIBRARIES = YES;
				CODE_SIGN_STYLE = Automatic;
				INFOPLIST_FILE = "swift-custom-cell-with-xib-sampleUITests/Info.plist";
				LD_RUNPATH_SEARCH_PATHS = (
					"$(inherited)",
					"@executable_path/Frameworks",
					"@loader_path/Frameworks",
				);
				PRODUCT_BUNDLE_IDENTIFIER = "com.abc.swift-custom-cell-with-xib-sampleUITests";
				PRODUCT_NAME = "$(TARGET_NAME)";
				SWIFT_VERSION = 5.0;
				TARGETED_DEVICE_FAMILY = "1,2";
				TEST_TARGET_NAME = "swift-custom-cell-with-xib-sample";
			};
			name = Debug;
		};
		88B39AF925441A0500AB5095 /* Release */ = {
			isa = XCBuildConfiguration;
			buildSettings = {
				ALWAYS_EMBED_SWIFT_STANDARD_LIBRARIES = YES;
				CODE_SIGN_STYLE = Automatic;
				INFOPLIST_FILE = "swift-custom-cell-with-xib-sampleUITests/Info.plist";
				LD_RUNPATH_SEARCH_PATHS = (
					"$(inherited)",
					"@executable_path/Frameworks",
					"@loader_path/Frameworks",
				);
				PRODUCT_BUNDLE_IDENTIFIER = "com.abc.swift-custom-cell-with-xib-sampleUITests";
				PRODUCT_NAME = "$(TARGET_NAME)";
				SWIFT_VERSION = 5.0;
				TARGETED_DEVICE_FAMILY = "1,2";
				TEST_TARGET_NAME = "swift-custom-cell-with-xib-sample";
			};
			name = Release;
		};
/* End XCBuildConfiguration section */

/* Begin XCConfigurationList section */
		88B39AC225441A0200AB5095 /* Build configuration list for PBXProject "swift-custom-cell-with-xib-sample" */ = {
			isa = XCConfigurationList;
			buildConfigurations = (
				88B39AEF25441A0500AB5095 /* Debug */,
				88B39AF025441A0500AB5095 /* Release */,
			);
			defaultConfigurationIsVisible = 0;
			defaultConfigurationName = Release;
		};
		88B39AF125441A0500AB5095 /* Build configuration list for PBXNativeTarget "swift-custom-cell-with-xib-sample" */ = {
			isa = XCConfigurationList;
			buildConfigurations = (
				88B39AF225441A0500AB5095 /* Debug */,
				88B39AF325441A0500AB5095 /* Release */,
			);
			defaultConfigurationIsVisible = 0;
			defaultConfigurationName = Release;
		};
		88B39AF425441A0500AB5095 /* Build configuration list for PBXNativeTarget "swift-custom-cell-with-xib-sampleTests" */ = {
			isa = XCConfigurationList;
			buildConfigurations = (
				88B39AF525441A0500AB5095 /* Debug */,
				88B39AF625441A0500AB5095 /* Release */,
			);
			defaultConfigurationIsVisible = 0;
			defaultConfigurationName = Release;
		};
		88B39AF725441A0500AB5095 /* Build configuration list for PBXNativeTarget "swift-custom-cell-with-xib-sampleUITests" */ = {
			isa = XCConfigurationList;
			buildConfigurations = (
				88B39AF825441A0500AB5095 /* Debug */,
				88B39AF925441A0500AB5095 /* Release */,
			);
			defaultConfigurationIsVisible = 0;
			defaultConfigurationName = Release;
		};
/* End XCConfigurationList section */
	};
	rootObject = 88B39ABF25441A0200AB5095 /* Project object */;
}
